
Microsoft Visual Studio Solution File, Format Version 12.00
# Visual Studio Version 16
VisualStudioVersion = 16.0.31205.134
MinimumVisualStudioVersion = 10.0.40219.1
Project("{FAE04EC0-301F-11D3-BF4B-00C04F79EFBC}") = "KeepAccount", "KeepAccount\KeepAccount.csproj", "{4D4E4DB8-3B6C-4AD7-BF01-47BC81841B39}"
EndProject
Global
	GlobalSection(SolutionConfigurationPlatforms) = preSolution
		Debug|Any CPU = Debug|Any CPU
		Release|Any CPU = Release|Any CPU
	EndGlobalSection
	GlobalSection(ProjectConfigurationPlatforms) = postSolution
		{4D4E4DB8-3B6C-4AD7-BF01-47BC81841B39}.Debug|Any CPU.ActiveCfg = Debug|Any CPU
		{4D4E4DB8-3B6C-4AD7-BF01-47BC81841B39}.Debug|Any CPU.Build.0 = Debug|Any CPU
		{4D4E4DB8-3B6C-4AD7-BF01-47BC81841B39}.Release|Any CPU.ActiveCfg = Release|Any CPU
		{4D4E4DB8-3B6C-4AD7-BF01-47BC81841B39}.Release|Any CPU.Build.0 = Release|Any CPU
	EndGlobalSection
	GlobalSection(SolutionProperties) = preSolution
		HideSolutionNode = FALSE
	EndGlobalSection
	GlobalSection(ExtensibilityGlobals) = postSolution
		SolutionGuid = {B1C3FA80-B37C-48C0-99A3-7662B5D3143D}
	EndGlobalSection
EndGlobal
